
Microsoft Visual Studio Solution File, Format Version 12.00
# Visual Studio 2013
VisualStudioVersion = 12.0.40629.0
MinimumVisualStudioVersion = 10.0.40219.1
Project("{FAE04EC0-301F-11D3-BF4B-00C04F79EFBC}") = "EfficientDeveloperHelper", "Efficient developer helper\EfficientDeveloperHelper.csproj", "{D1D48378-4163-4280-AE31-00C18FF0BE0F}"
EndProject
Global
	GlobalSection(SolutionConfigurationPlatforms) = preSolution
		Debug|Any CPU = Debug|Any CPU
		Debug|x86 = Debug|x86
		DebugNoCore|Any CPU = DebugNoCore|Any CPU
		DebugNoCore|x86 = DebugNoCore|x86
		Release|Any CPU = Release|Any CPU
		Release|x86 = Release|x86
		ReleaseNoCore|Any CPU = ReleaseNoCore|Any CPU
		ReleaseNoCore|x86 = ReleaseNoCore|x86
	EndGlobalSection
	GlobalSection(ProjectConfigurationPlatforms) = postSolution
		{D1D48378-4163-4280-AE31-00C18FF0BE0F}.Debug|Any CPU.ActiveCfg = Debug|Any CPU
		{D1D48378-4163-4280-AE31-00C18FF0BE0F}.Debug|Any CPU.Build.0 = Debug|Any CPU
		{D1D48378-4163-4280-AE31-00C18FF0BE0F}.Debug|x86.ActiveCfg = Debug|Any CPU
		{D1D48378-4163-4280-AE31-00C18FF0BE0F}.DebugNoCore|Any CPU.ActiveCfg = Debug|Any CPU
		{D1D48378-4163-4280-AE31-00C18FF0BE0F}.DebugNoCore|Any CPU.Build.0 = Debug|Any CPU
		{D1D48378-4163-4280-AE31-00C18FF0BE0F}.DebugNoCore|x86.ActiveCfg = Debug|Any CPU
		{D1D48378-4163-4280-AE31-00C18FF0BE0F}.Release|Any CPU.ActiveCfg = Release|Any CPU
		{D1D48378-4163-4280-AE31-00C18FF0BE0F}.Release|Any CPU.Build.0 = Release|Any CPU
		{D1D48378-4163-4280-AE31-00C18FF0BE0F}.Release|x86.ActiveCfg = Release|Any CPU
		{D1D48378-4163-4280-AE31-00C18FF0BE0F}.ReleaseNoCore|Any CPU.ActiveCfg = Release|Any CPU
		{D1D48378-4163-4280-AE31-00C18FF0BE0F}.ReleaseNoCore|Any CPU.Build.0 = Release|Any CPU
		{D1D48378-4163-4280-AE31-00C18FF0BE0F}.ReleaseNoCore|x86.ActiveCfg = Release|Any CPU
	EndGlobalSection
	GlobalSection(SolutionProperties) = preSolution
		HideSolutionNode = FALSE
	EndGlobalSection
EndGlobal
